<Solution>
  <Folder Name="/Элементы решения/">
    <File Path="alloy-config.alloy" />
  </Folder>
  <Project Path="docker-compose.dcproj">
    <Build />
  </Project>
  <Project Path="TxtParsing.Worker.Tests/TxtParsing.Worker.Tests.csproj" />
  <Project Path="TxtParsing.Worker/TxtParsing.Worker.csproj" />
</Solution>
